github.com/Siintya/go-say-hello v1.0.1 h1:hmXuiYtgUOzwbJS2AKm/wqxn2i5qbWl4RXffnJGhGmw=
github.com/Siintya/go-say-hello v1.0.1/go.mod h1:66VZs0YLoY2HoGokzQ1Abi1ebchkKez8wvo2ZyJWots=
github.com/Siintya/go-say-hello v1.5.0 h1:DhHl/lCV9gEc7pj1kmXKHNQdnj6DB5ZBdhWo4kAocH8=
github.com/Siintya/go-say-hello v1.5.0/go.mod h1:66VZs0YLoY2HoGokzQ1Abi1ebchkKez8wvo2ZyJWots=
github.com/Siintya/go-say-hello/v2 v2.0.0 h1:Vdc2la6SF7915mqDM4FEtE9i312l1KyNNnX9z7/j+8w=
github.com/Siintya/go-say-hello/v2 v2.0.0/go.mod h1:qhKXM6Ltpfr3iSoHLXAFBUc9ML+dbJxNM0+FU5ftGJc=
